
Microsoft Visual Studio Solution File, Format Version 12.00
# Visual Studio Version 16
VisualStudioVersion = 16.0.29020.237
MinimumVisualStudioVersion = 10.0.40219.1
Project("{FAE04EC0-301F-11D3-BF4B-00C04F79EFBC}") = "CQRSEventSourcing1", "CQRSEventSourcing1\CQRSEventSourcing1.csproj", "{1049132B-A85D-476C-94A7-3263FB3F329B}"
EndProject
Global
	GlobalSection(SolutionConfigurationPlatforms) = preSolution
		Debug|Any CPU = Debug|Any CPU
		Release|Any CPU = Release|Any CPU
	EndGlobalSection
	GlobalSection(ProjectConfigurationPlatforms) = postSolution
		{1049132B-A85D-476C-94A7-3263FB3F329B}.Debug|Any CPU.ActiveCfg = Debug|Any CPU
		{1049132B-A85D-476C-94A7-3263FB3F329B}.Debug|Any CPU.Build.0 = Debug|Any CPU
		{1049132B-A85D-476C-94A7-3263FB3F329B}.Release|Any CPU.ActiveCfg = Release|Any CPU
		{1049132B-A85D-476C-94A7-3263FB3F329B}.Release|Any CPU.Build.0 = Release|Any CPU
	EndGlobalSection
	GlobalSection(SolutionProperties) = preSolution
		HideSolutionNode = FALSE
	EndGlobalSection
	GlobalSection(ExtensibilityGlobals) = postSolution
		SolutionGuid = {0BD8918A-2C03-468D-B0C9-28C40ADDD17A}
	EndGlobalSection
EndGlobal
